
Microsoft Visual Studio Solution File, Format Version 11.00
# Visual Studio 2010
Project("{FAE04EC0-301F-11D3-BF4B-00C04F79EFBC}") = "TagChecker", "TagChecker\TagChecker.csproj", "{22E5E383-E1E5-4AF7-A677-BD9A3822BD75}"
EndProject
Global
	GlobalSection(SolutionConfigurationPlatforms) = preSolution
		Debug|x86 = Debug|x86
		Release|x86 = Release|x86
	EndGlobalSection
	GlobalSection(ProjectConfigurationPlatforms) = postSolution
		{22E5E383-E1E5-4AF7-A677-BD9A3822BD75}.Debug|x86.ActiveCfg = Debug|x86
		{22E5E383-E1E5-4AF7-A677-BD9A3822BD75}.Debug|x86.Build.0 = Debug|x86
		{22E5E383-E1E5-4AF7-A677-BD9A3822BD75}.Release|x86.ActiveCfg = Release|x86
		{22E5E383-E1E5-4AF7-A677-BD9A3822BD75}.Release|x86.Build.0 = Release|x86
	EndGlobalSection
	GlobalSection(SolutionProperties) = preSolution
		HideSolutionNode = FALSE
	EndGlobalSection
EndGlobal
